
Microsoft Visual Studio Solution File, Format Version 12.00
# Visual Studio Version 17
VisualStudioVersion = 17.8.34322.80
MinimumVisualStudioVersion = 10.0.40219.1
Project("{FAE04EC0-301F-11D3-BF4B-00C04F79EFBC}") = "CallAppUserManagementTask.cs", "CallAppUserManagementTask.cs\CallAppUserManagementTask.cs.csproj", "{541B27D9-C127-4993-8E9A-171C9796101A}"
EndProject
Global
	GlobalSection(SolutionConfigurationPlatforms) = preSolution
		Debug|Any CPU = Debug|Any CPU
		Release|Any CPU = Release|Any CPU
	EndGlobalSection
	GlobalSection(ProjectConfigurationPlatforms) = postSolution
		{541B27D9-C127-4993-8E9A-171C9796101A}.Debug|Any CPU.ActiveCfg = Debug|Any CPU
		{541B27D9-C127-4993-8E9A-171C9796101A}.Debug|Any CPU.Build.0 = Debug|Any CPU
		{541B27D9-C127-4993-8E9A-171C9796101A}.Release|Any CPU.ActiveCfg = Release|Any CPU
		{541B27D9-C127-4993-8E9A-171C9796101A}.Release|Any CPU.Build.0 = Release|Any CPU
	EndGlobalSection
	GlobalSection(SolutionProperties) = preSolution
		HideSolutionNode = FALSE
	EndGlobalSection
	GlobalSection(ExtensibilityGlobals) = postSolution
		SolutionGuid = {CD4DB326-45DB-4249-BFB2-0FB11078A64A}
	EndGlobalSection
EndGlobal
